// !$*UTF8*$!
{
	archiveVersion = 1;
	classes = {
	};
	objectVersion = 50;
	objects = {

/* Begin PBXBuildFile section */
		7606E6F82239817700C24D9E /* AppDelegate.swift in Sources */ = {isa = PBXBuildFile; fileRef = 7606E6F72239817700C24D9E /* AppDelegate.swift */; };
		7606E6FF2239817A00C24D9E /* Assets.xcassets in Resources */ = {isa = PBXBuildFile; fileRef = 7606E6FE2239817A00C24D9E /* Assets.xcassets */; };
		7606E70C223985B000C24D9E /* LoginViewController.swift in Sources */ = {isa = PBXBuildFile; fileRef = 7606E70A223985B000C24D9E /* LoginViewController.swift */; };
		7606E70D223985B000C24D9E /* LoginViewController.xib in Resources */ = {isa = PBXBuildFile; fileRef = 7606E70B223985B000C24D9E /* LoginViewController.xib */; };
		7606E7102239CF3500C24D9E /* CustomTextField.swift in Sources */ = {isa = PBXBuildFile; fileRef = 7606E70F2239CF3500C24D9E /* CustomTextField.swift */; };
		7606E713223A0A1F00C24D9E /* UIColor.swift in Sources */ = {isa = PBXBuildFile; fileRef = 7606E712223A0A1F00C24D9E /* UIColor.swift */; };
		7606E716223A0E1700C24D9E /* RefundsViewController.swift in Sources */ = {isa = PBXBuildFile; fileRef = 7606E714223A0E1700C24D9E /* RefundsViewController.swift */; };
		7606E717223A0E1700C24D9E /* RefundsViewController.xib in Resources */ = {isa = PBXBuildFile; fileRef = 7606E715223A0E1700C24D9E /* RefundsViewController.xib */; };
		7606E71B223A0E2C00C24D9E /* TransactionsTrackingViewController.xib in Resources */ = {isa = PBXBuildFile; fileRef = 7606E719223A0E2C00C24D9E /* TransactionsTrackingViewController.xib */; };
		7606E71E223A0E3800C24D9E /* ProfileViewController.swift in Sources */ = {isa = PBXBuildFile; fileRef = 7606E71C223A0E3800C24D9E /* ProfileViewController.swift */; };
		7606E71F223A0E3800C24D9E /* ProfileViewController.xib in Resources */ = {isa = PBXBuildFile; fileRef = 7606E71D223A0E3800C24D9E /* ProfileViewController.xib */; };
		7606E721223A0E9500C24D9E /* NavigationController.swift in Sources */ = {isa = PBXBuildFile; fileRef = 7606E720223A0E9500C24D9E /* NavigationController.swift */; };
		760F671C2276FE9F003A7933 /* HistoricModel.swift in Sources */ = {isa = PBXBuildFile; fileRef = 760F671B2276FE9F003A7933 /* HistoricModel.swift */; };
		760F671F227700B6003A7933 /* HistoricTableViewCell.swift in Sources */ = {isa = PBXBuildFile; fileRef = 760F671D227700B6003A7933 /* HistoricTableViewCell.swift */; };
		760F6720227700B6003A7933 /* HistoricTableViewCell.xib in Resources */ = {isa = PBXBuildFile; fileRef = 760F671E227700B6003A7933 /* HistoricTableViewCell.xib */; };
		760F6722227702BD003A7933 /* TransactionsHistoryViewController.xib in Resources */ = {isa = PBXBuildFile; fileRef = 760F6721227702BD003A7933 /* TransactionsHistoryViewController.xib */; };
		760F672422770786003A7933 /* DateDrivenEntryProtocol.swift in Sources */ = {isa = PBXBuildFile; fileRef = 760F672322770786003A7933 /* DateDrivenEntryProtocol.swift */; };
		760F672622770CB0003A7933 /* CalendarNavControl.xib in Resources */ = {isa = PBXBuildFile; fileRef = 760F672522770CB0003A7933 /* CalendarNavControl.xib */; };
		760F672822770CD9003A7933 /* CalendarNavControl.swift in Sources */ = {isa = PBXBuildFile; fileRef = 760F672722770CD8003A7933 /* CalendarNavControl.swift */; };
		760F672A227714F5003A7933 /* HistoricDetailModel.swift in Sources */ = {isa = PBXBuildFile; fileRef = 760F6729227714F5003A7933 /* HistoricDetailModel.swift */; };
		763445BE225483EF00915BC7 /* StatusIndicatorView.swift in Sources */ = {isa = PBXBuildFile; fileRef = 763445BD225483EF00915BC7 /* StatusIndicatorView.swift */; };
		763445C1225515D300915BC7 /* TrackingTableViewCell.swift in Sources */ = {isa = PBXBuildFile; fileRef = 763445BF225515D300915BC7 /* TrackingTableViewCell.swift */; };
		763445C2225515D300915BC7 /* TrackingTableViewCell.xib in Resources */ = {isa = PBXBuildFile; fileRef = 763445C0225515D300915BC7 /* TrackingTableViewCell.xib */; };
		763D29BD2284B437006CED9A /* Validator.swift in Sources */ = {isa = PBXBuildFile; fileRef = 763D29BC2284B437006CED9A /* Validator.swift */; };
		763D29C32284C4E1006CED9A /* CenturyGothic-Bold.ttf in Resources */ = {isa = PBXBuildFile; fileRef = 763D29C02284BE7D006CED9A /* CenturyGothic-Bold.ttf */; };
		763D29C42284C4E1006CED9A /* CenturyGothic-BoldItalic.ttf in Resources */ = {isa = PBXBuildFile; fileRef = 763D29C22284BE7D006CED9A /* CenturyGothic-BoldItalic.ttf */; };
		763D29C52284C4E1006CED9A /* CenturyGothic-Italic.ttf in Resources */ = {isa = PBXBuildFile; fileRef = 763D29BF2284BE7D006CED9A /* CenturyGothic-Italic.ttf */; };
		763D29C62284C4E1006CED9A /* CenturyGothic.ttf in Resources */ = {isa = PBXBuildFile; fileRef = 763D29C12284BE7D006CED9A /* CenturyGothic.ttf */; };
		763D29C82284E3E0006CED9A /* UIFont.swift in Sources */ = {isa = PBXBuildFile; fileRef = 763D29C72284E3E0006CED9A /* UIFont.swift */; };
		763D29CA2284FC2F006CED9A /* BarButtonItem.swift in Sources */ = {isa = PBXBuildFile; fileRef = 763D29C92284FC2F006CED9A /* BarButtonItem.swift */; };
		763E136B226582A7005D9DAA /* RefundDocumentTableViewCell.swift in Sources */ = {isa = PBXBuildFile; fileRef = 763E1369226582A7005D9DAA /* RefundDocumentTableViewCell.swift */; };
		763E136C226582A7005D9DAA /* RefundDocumentTableViewCell.xib in Resources */ = {isa = PBXBuildFile; fileRef = 763E136A226582A7005D9DAA /* RefundDocumentTableViewCell.xib */; };
		763E136E22659039005D9DAA /* PriceFormatter.swift in Sources */ = {isa = PBXBuildFile; fileRef = 763E136D22659039005D9DAA /* PriceFormatter.swift */; };
		763E13702265A93D005D9DAA /* UploadOperation.swift in Sources */ = {isa = PBXBuildFile; fileRef = 763E136F2265A93D005D9DAA /* UploadOperation.swift */; };
		763E13792266967A005D9DAA /* CalendarCollectionViewCell.swift in Sources */ = {isa = PBXBuildFile; fileRef = 763E137722669679005D9DAA /* CalendarCollectionViewCell.swift */; };
		763E137A2266967A005D9DAA /* CalendarCollectionViewCell.xib in Resources */ = {isa = PBXBuildFile; fileRef = 763E137822669679005D9DAA /* CalendarCollectionViewCell.xib */; };
		763E137E2266969A005D9DAA /* CalendarMonthViewController.swift in Sources */ = {isa = PBXBuildFile; fileRef = 763E137B22669699005D9DAA /* CalendarMonthViewController.swift */; };
		763E137F2266969A005D9DAA /* CalendarViewController.swift in Sources */ = {isa = PBXBuildFile; fileRef = 763E137C2266969A005D9DAA /* CalendarViewController.swift */; };
		763E13802266969A005D9DAA /* CalendarMonthViewController.xib in Resources */ = {isa = PBXBuildFile; fileRef = 763E137D2266969A005D9DAA /* CalendarMonthViewController.xib */; };
		763E138222669972005D9DAA /* String.swift in Sources */ = {isa = PBXBuildFile; fileRef = 763E138122669972005D9DAA /* String.swift */; };
		763E138422669F26005D9DAA /* TransactionModel.swift in Sources */ = {isa = PBXBuildFile; fileRef = 763E138322669F26005D9DAA /* TransactionModel.swift */; };
		763EE11F226062BC00BF6921 /* UserModel.swift in Sources */ = {isa = PBXBuildFile; fileRef = 763EE11E226062BC00BF6921 /* UserModel.swift */; };
		763EE1212260646200BF6921 /* BeneficiaryModel.swift in Sources */ = {isa = PBXBuildFile; fileRef = 763EE1202260646200BF6921 /* BeneficiaryModel.swift */; };
		7652548A224D46EE00849401 /* TransactionDetailViewController.swift in Sources */ = {isa = PBXBuildFile; fileRef = 76525488224D46EE00849401 /* TransactionDetailViewController.swift */; };
		7652548B224D46EE00849401 /* TransactionDetailViewController.xib in Resources */ = {isa = PBXBuildFile; fileRef = 76525489224D46EE00849401 /* TransactionDetailViewController.xib */; };
		7652548E224D46FF00849401 /* HistoryDetailViewController.swift in Sources */ = {isa = PBXBuildFile; fileRef = 7652548C224D46FF00849401 /* HistoryDetailViewController.swift */; };
		7652548F224D46FF00849401 /* HistoryDetailViewController.xib in Resources */ = {isa = PBXBuildFile; fileRef = 7652548D224D46FF00849401 /* HistoryDetailViewController.xib */; };
		76A1BAF222412851003C9BFA /* RefundRequestViewController.swift in Sources */ = {isa = PBXBuildFile; fileRef = 76A1BAF022412851003C9BFA /* RefundRequestViewController.swift */; };
		76A1BAF322412851003C9BFA /* RefundRequestViewController.xib in Resources */ = {isa = PBXBuildFile; fileRef = 76A1BAF122412851003C9BFA /* RefundRequestViewController.xib */; };
		76A1BAF62241768B003C9BFA /* RefundRequestTableViewCell.swift in Sources */ = {isa = PBXBuildFile; fileRef = 76A1BAF42241768B003C9BFA /* RefundRequestTableViewCell.swift */; };
		76A1BAF72241768B003C9BFA /* RefundRequestTableViewCell.xib in Resources */ = {isa = PBXBuildFile; fileRef = 76A1BAF52241768B003C9BFA /* RefundRequestTableViewCell.xib */; };
		76A1BAFA22419598003C9BFA /* RefundTextTableViewCell.swift in Sources */ = {isa = PBXBuildFile; fileRef = 76A1BAF822419598003C9BFA /* RefundTextTableViewCell.swift */; };
		76A1BAFB22419598003C9BFA /* RefundTextTableViewCell.xib in Resources */ = {isa = PBXBuildFile; fileRef = 76A1BAF922419598003C9BFA /* RefundTextTableViewCell.xib */; };
		76A1BAFE2241E006003C9BFA /* SegmentedViewController.swift in Sources */ = {isa = PBXBuildFile; fileRef = 76A1BAFC2241E005003C9BFA /* SegmentedViewController.swift */; };
		76A1BAFF2241E006003C9BFA /* SegmentedViewController.xib in Resources */ = {isa = PBXBuildFile; fileRef = 76A1BAFD2241E005003C9BFA /* SegmentedViewController.xib */; };
		76A1BB062241E0D0003C9BFA /* TransactionsTrackingViewController.swift in Sources */ = {isa = PBXBuildFile; fileRef = 76A1BB042241E0D0003C9BFA /* TransactionsTrackingViewController.swift */; };
		76A1BB0A2241EC3A003C9BFA /* TransactionTableViewCell.swift in Sources */ = {isa = PBXBuildFile; fileRef = 76A1BB082241EC3A003C9BFA /* TransactionTableViewCell.swift */; };
		76A1BB0B2241EC3B003C9BFA /* TransactionTableViewCell.xib in Resources */ = {isa = PBXBuildFile; fileRef = 76A1BB092241EC3A003C9BFA /* TransactionTableViewCell.xib */; };
		76A1BB0D2241F0F5003C9BFA /* TransactionsHistoryViewController.swift in Sources */ = {isa = PBXBuildFile; fileRef = 76A1BB0C2241F0F5003C9BFA /* TransactionsHistoryViewController.swift */; };
		76D72D5D2270413E0004F55E /* TransactionDetailModel.swift in Sources */ = {isa = PBXBuildFile; fileRef = 76D72D5C2270413E0004F55E /* TransactionDetailModel.swift */; };
		76D72D5F227041800004F55E /* TransactionDocumentModel.swift in Sources */ = {isa = PBXBuildFile; fileRef = 76D72D5E227041800004F55E /* TransactionDocumentModel.swift */; };
		76D72D612270CA8E0004F55E /* DocumentViewController.swift in Sources */ = {isa = PBXBuildFile; fileRef = 76D72D602270CA8E0004F55E /* DocumentViewController.swift */; };
		76D72D642270EDEB0004F55E /* ProfileTableViewCell.swift in Sources */ = {isa = PBXBuildFile; fileRef = 76D72D622270EDEB0004F55E /* ProfileTableViewCell.swift */; };
		76D72D652270EDEB0004F55E /* ProfileTableViewCell.xib in Resources */ = {isa = PBXBuildFile; fileRef = 76D72D632270EDEB0004F55E /* ProfileTableViewCell.xib */; };
		76D72D682270F2B90004F55E /* ProfileEditViewController.swift in Sources */ = {isa = PBXBuildFile; fileRef = 76D72D662270F2B90004F55E /* ProfileEditViewController.swift */; };
		76D72D692270F2B90004F55E /* ProfileEditViewController.xib in Resources */ = {isa = PBXBuildFile; fileRef = 76D72D672270F2B90004F55E /* ProfileEditViewController.xib */; };
		76DA4BAF2240A2950065174B /* RefundTermsViewController.swift in Sources */ = {isa = PBXBuildFile; fileRef = 76DA4BAD2240A2950065174B /* RefundTermsViewController.swift */; };
		76DA4BB02240A2950065174B /* RefundTermsViewController.xib in Resources */ = {isa = PBXBuildFile; fileRef = 76DA4BAE2240A2950065174B /* RefundTermsViewController.xib */; };
		76DA4BB32240A31D0065174B /* refund_terms.html in Resources */ = {isa = PBXBuildFile; fileRef = 76DA4BB22240A31D0065174B /* refund_terms.html */; };
		76DA4BB62240ACC90065174B /* RefundProfileEditViewController.swift in Sources */ = {isa = PBXBuildFile; fileRef = 76DA4BB42240ACC90065174B /* RefundProfileEditViewController.swift */; };
		76DA4BB72240ACC90065174B /* RefundProfileEditViewController.xib in Resources */ = {isa = PBXBuildFile; fileRef = 76DA4BB52240ACC90065174B /* RefundProfileEditViewController.xib */; };
		76DA4BBA2240AE550065174B /* ProfileEditTableViewCell.swift in Sources */ = {isa = PBXBuildFile; fileRef = 76DA4BB82240AE550065174B /* ProfileEditTableViewCell.swift */; };
		76DA4BBB2240AE550065174B /* ProfileEditTableViewCell.xib in Resources */ = {isa = PBXBuildFile; fileRef = 76DA4BB92240AE550065174B /* ProfileEditTableViewCell.xib */; };
		76DA4BBD2240BBB00065174B /* UIViewAnimationOptionsWithCurve.swift in Sources */ = {isa = PBXBuildFile; fileRef = 76DA4BBC2240BBB00065174B /* UIViewAnimationOptionsWithCurve.swift */; };
		76DA4BBF2240C3C10065174B /* UIView.swift in Sources */ = {isa = PBXBuildFile; fileRef = 76DA4BBE2240C3C10065174B /* UIView.swift */; };
		76E7746F225700120017F10E /* HTTPClient.swift in Sources */ = {isa = PBXBuildFile; fileRef = 76E7746E225700120017F10E /* HTTPClient.swift */; };
		76E77471225700190017F10E /* AssetsClient.swift in Sources */ = {isa = PBXBuildFile; fileRef = 76E77470225700190017F10E /* AssetsClient.swift */; };
		76E77477225700780017F10E /* FetchOperation.swift in Sources */ = {isa = PBXBuildFile; fileRef = 76E77475225700780017F10E /* FetchOperation.swift */; };
		76E77478225700780017F10E /* SessionModel.swift in Sources */ = {isa = PBXBuildFile; fileRef = 76E77476225700780017F10E /* SessionModel.swift */; };
		76E7747A225700F20017F10E /* APIClient.swift in Sources */ = {isa = PBXBuildFile; fileRef = 76E77479225700F20017F10E /* APIClient.swift */; };
		76E7747E225ACFEB0017F10E /* StringProtocol.swift in Sources */ = {isa = PBXBuildFile; fileRef = 76E7747D225ACFEB0017F10E /* StringProtocol.swift */; };
		76E77480225ADC1C0017F10E /* SplashViewController.xib in Resources */ = {isa = PBXBuildFile; fileRef = 76E7747F225ADC1C0017F10E /* SplashViewController.xib */; };
		76E77482225ADC3C0017F10E /* SplashViewController.swift in Sources */ = {isa = PBXBuildFile; fileRef = 76E77481225ADC3C0017F10E /* SplashViewController.swift */; };
		76E77484225AE6CC0017F10E /* BenefitRulesModel.swift in Sources */ = {isa = PBXBuildFile; fileRef = 76E77483225AE6CB0017F10E /* BenefitRulesModel.swift */; };
		76E77486225AE7370017F10E /* DocumentModel.swift in Sources */ = {isa = PBXBuildFile; fileRef = 76E77485225AE7370017F10E /* DocumentModel.swift */; };
		76E77488225AE7B60017F10E /* BenefitModel.swift in Sources */ = {isa = PBXBuildFile; fileRef = 76E77487225AE7B60017F10E /* BenefitModel.swift */; };
		9133D6EB43905FF1F5EC08C7 /* Pods_Reembolsos.framework in Frameworks */ = {isa = PBXBuildFile; fileRef = 1EDB2C50DFA942B2BC7893E3 /* Pods_Reembolsos.framework */; };
/* End PBXBuildFile section */

/* Begin PBXFileReference section */
		133D76247AF95E0DD66A90B1 /* Pods-Reembolsos.release.xcconfig */ = {isa = PBXFileReference; includeInIndex = 1; lastKnownFileType = text.xcconfig; name = "Pods-Reembolsos.release.xcconfig"; path = "Pods/Target Support Files/Pods-Reembolsos/Pods-Reembolsos.release.xcconfig"; sourceTree = "<group>"; };
		1EDB2C50DFA942B2BC7893E3 /* Pods_Reembolsos.framework */ = {isa = PBXFileReference; explicitFileType = wrapper.framework; includeInIndex = 0; path = Pods_Reembolsos.framework; sourceTree = BUILT_PRODUCTS_DIR; };
		7606E6F42239817700C24D9E /* Sermecoop.app */ = {isa = PBXFileReference; explicitFileType = wrapper.application; includeInIndex = 0; path = Sermecoop.app; sourceTree = BUILT_PRODUCTS_DIR; };
		7606E6F72239817700C24D9E /* AppDelegate.swift */ = {isa = PBXFileReference; lastKnownFileType = sourcecode.swift; path = AppDelegate.swift; sourceTree = "<group>"; };
		7606E6FE2239817A00C24D9E /* Assets.xcassets */ = {isa = PBXFileReference; lastKnownFileType = folder.assetcatalog; path = Assets.xcassets; sourceTree = "<group>"; };
		7606E7032239817A00C24D9E /* Info.plist */ = {isa = PBXFileReference; lastKnownFileType = text.plist.xml; path = Info.plist; sourceTree = "<group>"; };
		7606E70A223985B000C24D9E /* LoginViewController.swift */ = {isa = PBXFileReference; lastKnownFileType = sourcecode.swift; path = LoginViewController.swift; sourceTree = "<group>"; };
		7606E70B223985B000C24D9E /* LoginViewController.xib */ = {isa = PBXFileReference; lastKnownFileType = file.xib; path = LoginViewController.xib; sourceTree = "<group>"; };
		7606E70F2239CF3500C24D9E /* CustomTextField.swift */ = {isa = PBXFileReference; fileEncoding = 4; lastKnownFileType = sourcecode.swift; path = CustomTextField.swift; sourceTree = "<group>"; };
		7606E712223A0A1F00C24D9E /* UIColor.swift */ = {isa = PBXFileReference; lastKnownFileType = sourcecode.swift; path = UIColor.swift; sourceTree = "<group>"; };
		7606E714223A0E1700C24D9E /* RefundsViewController.swift */ = {isa = PBXFileReference; lastKnownFileType = sourcecode.swift; path = RefundsViewController.swift; sourceTree = "<group>"; };
		7606E715223A0E1700C24D9E /* RefundsViewController.xib */ = {isa = PBXFileReference; lastKnownFileType = file.xib; path = RefundsViewController.xib; sourceTree = "<group>"; };
		7606E719223A0E2C00C24D9E /* TransactionsTrackingViewController.xib */ = {isa = PBXFileReference; lastKnownFileType = file.xib; path = TransactionsTrackingViewController.xib; sourceTree = "<group>"; };
		7606E71C223A0E3800C24D9E /* ProfileViewController.swift */ = {isa = PBXFileReference; lastKnownFileType = sourcecode.swift; path = ProfileViewController.swift; sourceTree = "<group>"; };
		7606E71D223A0E3800C24D9E /* ProfileViewController.xib */ = {isa = PBXFileReference; lastKnownFileType = file.xib; path = ProfileViewController.xib; sourceTree = "<group>"; };
		7606E720223A0E9500C24D9E /* NavigationController.swift */ = {isa = PBXFileReference; lastKnownFileType = sourcecode.swift; path = NavigationController.swift; sourceTree = "<group>"; };
		760F671B2276FE9F003A7933 /* HistoricModel.swift */ = {isa = PBXFileReference; lastKnownFileType = sourcecode.swift; path = HistoricModel.swift; sourceTree = "<group>"; };
		760F671D227700B6003A7933 /* HistoricTableViewCell.swift */ = {isa = PBXFileReference; lastKnownFileType = sourcecode.swift; path = HistoricTableViewCell.swift; sourceTree = "<group>"; };
		760F671E227700B6003A7933 /* HistoricTableViewCell.xib */ = {isa = PBXFileReference; lastKnownFileType = file.xib; path = HistoricTableViewCell.xib; sourceTree = "<group>"; };
		760F6721227702BD003A7933 /* TransactionsHistoryViewController.xib */ = {isa = PBXFileReference; lastKnownFileType = file.xib; path = TransactionsHistoryViewController.xib; sourceTree = "<group>"; };
		760F672322770786003A7933 /* DateDrivenEntryProtocol.swift */ = {isa = PBXFileReference; lastKnownFileType = sourcecode.swift; path = DateDrivenEntryProtocol.swift; sourceTree = "<group>"; };
		760F672522770CB0003A7933 /* CalendarNavControl.xib */ = {isa = PBXFileReference; lastKnownFileType = file.xib; path = CalendarNavControl.xib; sourceTree = "<group>"; };
		760F672722770CD8003A7933 /* CalendarNavControl.swift */ = {isa = PBXFileReference; lastKnownFileType = sourcecode.swift; path = CalendarNavControl.swift; sourceTree = "<group>"; };
		760F6729227714F5003A7933 /* HistoricDetailModel.swift */ = {isa = PBXFileReference; lastKnownFileType = sourcecode.swift; path = HistoricDetailModel.swift; sourceTree = "<group>"; };
		763445BD225483EF00915BC7 /* StatusIndicatorView.swift */ = {isa = PBXFileReference; lastKnownFileType = sourcecode.swift; path = StatusIndicatorView.swift; sourceTree = "<group>"; };
		763445BF225515D300915BC7 /* TrackingTableViewCell.swift */ = {isa = PBXFileReference; lastKnownFileType = sourcecode.swift; path = TrackingTableViewCell.swift; sourceTree = "<group>"; };
		763445C0225515D300915BC7 /* TrackingTableViewCell.xib */ = {isa = PBXFileReference; lastKnownFileType = file.xib; path = TrackingTableViewCell.xib; sourceTree = "<group>"; };
		763D29BC2284B437006CED9A /* Validator.swift */ = {isa = PBXFileReference; lastKnownFileType = sourcecode.swift; path = Validator.swift; sourceTree = "<group>"; };
		763D29BF2284BE7D006CED9A /* CenturyGothic-Italic.ttf */ = {isa = PBXFileReference; lastKnownFileType = file; path = "CenturyGothic-Italic.ttf"; sourceTree = "<group>"; };
		763D29C02284BE7D006CED9A /* CenturyGothic-Bold.ttf */ = {isa = PBXFileReference; lastKnownFileType = file; path = "CenturyGothic-Bold.ttf"; sourceTree = "<group>"; };
		763D29C12284BE7D006CED9A /* CenturyGothic.ttf */ = {isa = PBXFileReference; lastKnownFileType = file; path = CenturyGothic.ttf; sourceTree = "<group>"; };
		763D29C22284BE7D006CED9A /* CenturyGothic-BoldItalic.ttf */ = {isa = PBXFileReference; lastKnownFileType = file; path = "CenturyGothic-BoldItalic.ttf"; sourceTree = "<group>"; };
		763D29C72284E3E0006CED9A /* UIFont.swift */ = {isa = PBXFileReference; lastKnownFileType = sourcecode.swift; path = UIFont.swift; sourceTree = "<group>"; };
		763D29C92284FC2F006CED9A /* BarButtonItem.swift */ = {isa = PBXFileReference; lastKnownFileType = sourcecode.swift; path = BarButtonItem.swift; sourceTree = "<group>"; };
		763E1369226582A7005D9DAA /* RefundDocumentTableViewCell.swift */ = {isa = PBXFileReference; lastKnownFileType = sourcecode.swift; path = RefundDocumentTableViewCell.swift; sourceTree = "<group>"; };
		763E136A226582A7005D9DAA /* RefundDocumentTableViewCell.xib */ = {isa = PBXFileReference; lastKnownFileType = file.xib; path = RefundDocumentTableViewCell.xib; sourceTree = "<group>"; };
		763E136D22659039005D9DAA /* PriceFormatter.swift */ = {isa = PBXFileReference; lastKnownFileType = sourcecode.swift; path = PriceFormatter.swift; sourceTree = "<group>"; };
		763E136F2265A93D005D9DAA /* UploadOperation.swift */ = {isa = PBXFileReference; lastKnownFileType = sourcecode.swift; path = UploadOperation.swift; sourceTree = "<group>"; };
		763E137722669679005D9DAA /* CalendarCollectionViewCell.swift */ = {isa = PBXFileReference; fileEncoding = 4; lastKnownFileType = sourcecode.swift; path = CalendarCollectionViewCell.swift; sourceTree = "<group>"; };
		763E137822669679005D9DAA /* CalendarCollectionViewCell.xib */ = {isa = PBXFileReference; fileEncoding = 4; lastKnownFileType = file.xib; path = CalendarCollectionViewCell.xib; sourceTree = "<group>"; };
		763E137B22669699005D9DAA /* CalendarMonthViewController.swift */ = {isa = PBXFileReference; fileEncoding = 4; lastKnownFileType = sourcecode.swift; path = CalendarMonthViewController.swift; sourceTree = "<group>"; };
		763E137C2266969A005D9DAA /* CalendarViewController.swift */ = {isa = PBXFileReference; fileEncoding = 4; lastKnownFileType = sourcecode.swift; path = CalendarViewController.swift; sourceTree = "<group>"; };
		763E137D2266969A005D9DAA /* CalendarMonthViewController.xib */ = {isa = PBXFileReference; fileEncoding = 4; lastKnownFileType = file.xib; path = CalendarMonthViewController.xib; sourceTree = "<group>"; };
		763E138122669972005D9DAA /* String.swift */ = {isa = PBXFileReference; lastKnownFileType = sourcecode.swift; path = String.swift; sourceTree = "<group>"; };
		763E138322669F26005D9DAA /* TransactionModel.swift */ = {isa = PBXFileReference; lastKnownFileType = sourcecode.swift; path = TransactionModel.swift; sourceTree = "<group>"; };
		763EE11E226062BC00BF6921 /* UserModel.swift */ = {isa = PBXFileReference; lastKnownFileType = sourcecode.swift; path = UserModel.swift; sourceTree = "<group>"; };
		763EE1202260646200BF6921 /* BeneficiaryModel.swift */ = {isa = PBXFileReference; lastKnownFileType = sourcecode.swift; path = BeneficiaryModel.swift; sourceTree = "<group>"; };
		76525488224D46EE00849401 /* TransactionDetailViewController.swift */ = {isa = PBXFileReference; lastKnownFileType = sourcecode.swift; path = TransactionDetailViewController.swift; sourceTree = "<group>"; };
		76525489224D46EE00849401 /* TransactionDetailViewController.xib */ = {isa = PBXFileReference; lastKnownFileType = file.xib; path = TransactionDetailViewController.xib; sourceTree = "<group>"; };
		7652548C224D46FF00849401 /* HistoryDetailViewController.swift */ = {isa = PBXFileReference; lastKnownFileType = sourcecode.swift; path = HistoryDetailViewController.swift; sourceTree = "<group>"; };
		7652548D224D46FF00849401 /* HistoryDetailViewController.xib */ = {isa = PBXFileReference; lastKnownFileType = file.xib; path = HistoryDetailViewController.xib; sourceTree = "<group>"; };
		76A1BAF022412851003C9BFA /* RefundRequestViewController.swift */ = {isa = PBXFileReference; lastKnownFileType = sourcecode.swift; path = RefundRequestViewController.swift; sourceTree = "<group>"; };
		76A1BAF122412851003C9BFA /* RefundRequestViewController.xib */ = {isa = PBXFileReference; lastKnownFileType = file.xib; path = RefundRequestViewController.xib; sourceTree = "<group>"; };
		76A1BAF42241768B003C9BFA /* RefundRequestTableViewCell.swift */ = {isa = PBXFileReference; lastKnownFileType = sourcecode.swift; path = RefundRequestTableViewCell.swift; sourceTree = "<group>"; };
		76A1BAF52241768B003C9BFA /* RefundRequestTableViewCell.xib */ = {isa = PBXFileReference; lastKnownFileType = file.xib; path = RefundRequestTableViewCell.xib; sourceTree = "<group>"; };
		76A1BAF822419598003C9BFA /* RefundTextTableViewCell.swift */ = {isa = PBXFileReference; lastKnownFileType = sourcecode.swift; path = RefundTextTableViewCell.swift; sourceTree = "<group>"; };
		76A1BAF922419598003C9BFA /* RefundTextTableViewCell.xib */ = {isa = PBXFileReference; lastKnownFileType = file.xib; path = RefundTextTableViewCell.xib; sourceTree = "<group>"; };
		76A1BAFC2241E005003C9BFA /* SegmentedViewController.swift */ = {isa = PBXFileReference; fileEncoding = 4; lastKnownFileType = sourcecode.swift; path = SegmentedViewController.swift; sourceTree = "<group>"; };
		76A1BAFD2241E005003C9BFA /* SegmentedViewController.xib */ = {isa = PBXFileReference; fileEncoding = 4; lastKnownFileType = file.xib; path = SegmentedViewController.xib; sourceTree = "<group>"; };
		76A1BB042241E0D0003C9BFA /* TransactionsTrackingViewController.swift */ = {isa = PBXFileReference; lastKnownFileType = sourcecode.swift; path = TransactionsTrackingViewController.swift; sourceTree = "<group>"; };
		76A1BB082241EC3A003C9BFA /* TransactionTableViewCell.swift */ = {isa = PBXFileReference; lastKnownFileType = sourcecode.swift; path = TransactionTableViewCell.swift; sourceTree = "<group>"; };
		76A1BB092241EC3A003C9BFA /* TransactionTableViewCell.xib */ = {isa = PBXFileReference; lastKnownFileType = file.xib; path = TransactionTableViewCell.xib; sourceTree = "<group>"; };
		76A1BB0C2241F0F5003C9BFA /* TransactionsHistoryViewController.swift */ = {isa = PBXFileReference; lastKnownFileType = sourcecode.swift; path = TransactionsHistoryViewController.swift; sourceTree = "<group>"; };
		76D72D5C2270413E0004F55E /* TransactionDetailModel.swift */ = {isa = PBXFileReference; lastKnownFileType = sourcecode.swift; path = TransactionDetailModel.swift; sourceTree = "<group>"; };
		76D72D5E227041800004F55E /* TransactionDocumentModel.swift */ = {isa = PBXFileReference; lastKnownFileType = sourcecode.swift; path = TransactionDocumentModel.swift; sourceTree = "<group>"; };
		76D72D602270CA8E0004F55E /* DocumentViewController.swift */ = {isa = PBXFileReference; lastKnownFileType = sourcecode.swift; path = DocumentViewController.swift; sourceTree = "<group>"; };
		76D72D622270EDEB0004F55E /* ProfileTableViewCell.swift */ = {isa = PBXFileReference; lastKnownFileType = sourcecode.swift; path = ProfileTableViewCell.swift; sourceTree = "<group>"; };
		76D72D632270EDEB0004F55E /* ProfileTableViewCell.xib */ = {isa = PBXFileReference; lastKnownFileType = file.xib; path = ProfileTableViewCell.xib; sourceTree = "<group>"; };
		76D72D662270F2B90004F55E /* ProfileEditViewController.swift */ = {isa = PBXFileReference; lastKnownFileType = sourcecode.swift; path = ProfileEditViewController.swift; sourceTree = "<group>"; };
		76D72D672270F2B90004F55E /* ProfileEditViewController.xib */ = {isa = PBXFileReference; lastKnownFileType = file.xib; path = ProfileEditViewController.xib; sourceTree = "<group>"; };
		76DA4BAD2240A2950065174B /* RefundTermsViewController.swift */ = {isa = PBXFileReference; lastKnownFileType = sourcecode.swift; path = RefundTermsViewController.swift; sourceTree = "<group>"; };
		76DA4BAE2240A2950065174B /* RefundTermsViewController.xib */ = {isa = PBXFileReference; lastKnownFileType = file.xib; path = RefundTermsViewController.xib; sourceTree = "<group>"; };
		76DA4BB22240A31D0065174B /* refund_terms.html */ = {isa = PBXFileReference; lastKnownFileType = text.html; path = refund_terms.html; sourceTree = "<group>"; };
		76DA4BB42240ACC90065174B /* RefundProfileEditViewController.swift */ = {isa = PBXFileReference; lastKnownFileType = sourcecode.swift; path = RefundProfileEditViewController.swift; sourceTree = "<group>"; };
		76DA4BB52240ACC90065174B /* RefundProfileEditViewController.xib */ = {isa = PBXFileReference; lastKnownFileType = file.xib; path = RefundProfileEditViewController.xib; sourceTree = "<group>"; };
		76DA4BB82240AE550065174B /* ProfileEditTableViewCell.swift */ = {isa = PBXFileReference; lastKnownFileType = sourcecode.swift; path = ProfileEditTableViewCell.swift; sourceTree = "<group>"; };
		76DA4BB92240AE550065174B /* ProfileEditTableViewCell.xib */ = {isa = PBXFileReference; lastKnownFileType = file.xib; path = ProfileEditTableViewCell.xib; sourceTree = "<group>"; };
		76DA4BBC2240BBB00065174B /* UIViewAnimationOptionsWithCurve.swift */ = {isa = PBXFileReference; fileEncoding = 4; lastKnownFileType = sourcecode.swift; path = UIViewAnimationOptionsWithCurve.swift; sourceTree = "<group>"; };
		76DA4BBE2240C3C10065174B /* UIView.swift */ = {isa = PBXFileReference; lastKnownFileType = sourcecode.swift; path = UIView.swift; sourceTree = "<group>"; };
		76E7746E225700120017F10E /* HTTPClient.swift */ = {isa = PBXFileReference; fileEncoding = 4; lastKnownFileType = sourcecode.swift; path = HTTPClient.swift; sourceTree = "<group>"; };
		76E77470225700190017F10E /* AssetsClient.swift */ = {isa = PBXFileReference; fileEncoding = 4; lastKnownFileType = sourcecode.swift; path = AssetsClient.swift; sourceTree = "<group>"; };
		76E77475225700780017F10E /* FetchOperation.swift */ = {isa = PBXFileReference; fileEncoding = 4; lastKnownFileType = sourcecode.swift; path = FetchOperation.swift; sourceTree = "<group>"; };
		76E77476225700780017F10E /* SessionModel.swift */ = {isa = PBXFileReference; fileEncoding = 4; lastKnownFileType = sourcecode.swift; path = SessionModel.swift; sourceTree = "<group>"; };
		76E77479225700F20017F10E /* APIClient.swift */ = {isa = PBXFileReference; lastKnownFileType = sourcecode.swift; path = APIClient.swift; sourceTree = "<group>"; };
		76E7747D225ACFEB0017F10E /* StringProtocol.swift */ = {isa = PBXFileReference; lastKnownFileType = sourcecode.swift; path = StringProtocol.swift; sourceTree = "<group>"; };
		76E7747F225ADC1C0017F10E /* SplashViewController.xib */ = {isa = PBXFileReference; lastKnownFileType = file.xib; path = SplashViewController.xib; sourceTree = "<group>"; };
		76E77481225ADC3C0017F10E /* SplashViewController.swift */ = {isa = PBXFileReference; lastKnownFileType = sourcecode.swift; path = SplashViewController.swift; sourceTree = "<group>"; };
		76E77483225AE6CB0017F10E /* BenefitRulesModel.swift */ = {isa = PBXFileReference; lastKnownFileType = sourcecode.swift; path = BenefitRulesModel.swift; sourceTree = "<group>"; };
		76E77485225AE7370017F10E /* DocumentModel.swift */ = {isa = PBXFileReference; lastKnownFileType = sourcecode.swift; path = DocumentModel.swift; sourceTree = "<group>"; };
		76E77487225AE7B60017F10E /* BenefitModel.swift */ = {isa = PBXFileReference; lastKnownFileType = sourcecode.swift; path = BenefitModel.swift; sourceTree = "<group>"; };
		76E77489225AF2C50017F10E /* Reembolsos.entitlements */ = {isa = PBXFileReference; lastKnownFileType = text.plist.entitlements; path = Reembolsos.entitlements; sourceTree = "<group>"; };
		CC6ED1B86FF3EF6D21E50D43 /* Pods-Reembolsos.debug.xcconfig */ = {isa = PBXFileReference; includeInIndex = 1; lastKnownFileType = text.xcconfig; name = "Pods-Reembolsos.debug.xcconfig"; path = "Pods/Target Support Files/Pods-Reembolsos/Pods-Reembolsos.debug.xcconfig"; sourceTree = "<group>"; };
		E0C0836C94877122DB9C5735 /* Pods-Reembolsos.archive.xcconfig */ = {isa = PBXFileReference; includeInIndex = 1; lastKnownFileType = text.xcconfig; name = "Pods-Reembolsos.archive.xcconfig"; path = "Pods/Target Support Files/Pods-Reembolsos/Pods-Reembolsos.archive.xcconfig"; sourceTree = "<group>"; };
/* End PBXFileReference section */

/* Begin PBXFrameworksBuildPhase section */
		7606E6F12239817700C24D9E /* Frameworks */ = {
			isa = PBXFrameworksBuildPhase;
			buildActionMask = 2147483647;
			files = (
				9133D6EB43905FF1F5EC08C7 /* Pods_Reembolsos.framework in Frameworks */,
			);
			runOnlyForDeploymentPostprocessing = 0;
		};
/* End PBXFrameworksBuildPhase section */

/* Begin PBXGroup section */
		70A8468A8CCCCC26239AD71C /* Frameworks */ = {
			isa = PBXGroup;
			children = (
				1EDB2C50DFA942B2BC7893E3 /* Pods_Reembolsos.framework */,
			);
			name = Frameworks;
			sourceTree = "<group>";
		};
		7606E6EB2239817700C24D9E = {
			isa = PBXGroup;
			children = (
				7606E6F62239817700C24D9E /* Reembolsos */,
				7606E6F52239817700C24D9E /* Products */,
				9B503319DD73FC9498141497 /* Pods */,
				70A8468A8CCCCC26239AD71C /* Frameworks */,
			);
			sourceTree = "<group>";
		};
		7606E6F52239817700C24D9E /* Products */ = {
			isa = PBXGroup;
			children = (
				7606E6F42239817700C24D9E /* Sermecoop.app */,
			);
			name = Products;
			sourceTree = "<group>";
		};
		7606E6F62239817700C24D9E /* Reembolsos */ = {
			isa = PBXGroup;
			children = (
				76E77489225AF2C50017F10E /* Reembolsos.entitlements */,
				7606E6F72239817700C24D9E /* AppDelegate.swift */,
				7606E7092239828500C24D9E /* viewcontrollers */,
				7606E70E2239CF2000C24D9E /* views */,
				76E77472225700240017F10E /* models */,
				7606E711223A0A1200C24D9E /* util */,
				76DA4BB12240A2F80065174B /* resources */,
				76E7746C2256FFE10017F10E /* managers */,
				7606E6FE2239817A00C24D9E /* Assets.xcassets */,
				7606E7032239817A00C24D9E /* Info.plist */,
			);
			path = Reembolsos;
			sourceTree = "<group>";
		};
		7606E7092239828500C24D9E /* viewcontrollers */ = {
			isa = PBXGroup;
			children = (
				7606E70A223985B000C24D9E /* LoginViewController.swift */,
				7606E70B223985B000C24D9E /* LoginViewController.xib */,
				7606E714223A0E1700C24D9E /* RefundsViewController.swift */,
				7606E715223A0E1700C24D9E /* RefundsViewController.xib */,
				7606E71C223A0E3800C24D9E /* ProfileViewController.swift */,
				7606E71D223A0E3800C24D9E /* ProfileViewController.xib */,
				76DA4BAD2240A2950065174B /* RefundTermsViewController.swift */,
				76DA4BAE2240A2950065174B /* RefundTermsViewController.xib */,
				76DA4BB42240ACC90065174B /* RefundProfileEditViewController.swift */,
				76DA4BB52240ACC90065174B /* RefundProfileEditViewController.xib */,
				76A1BAF022412851003C9BFA /* RefundRequestViewController.swift */,
				76A1BAF122412851003C9BFA /* RefundRequestViewController.xib */,
				76A1BAFC2241E005003C9BFA /* SegmentedViewController.swift */,
				76A1BAFD2241E005003C9BFA /* SegmentedViewController.xib */,
				76A1BB042241E0D0003C9BFA /* TransactionsTrackingViewController.swift */,
				7606E719223A0E2C00C24D9E /* TransactionsTrackingViewController.xib */,
				76A1BB0C2241F0F5003C9BFA /* TransactionsHistoryViewController.swift */,
				760F6721227702BD003A7933 /* TransactionsHistoryViewController.xib */,
				76525488224D46EE00849401 /* TransactionDetailViewController.swift */,
				76525489224D46EE00849401 /* TransactionDetailViewController.xib */,
				7652548C224D46FF00849401 /* HistoryDetailViewController.swift */,
				7652548D224D46FF00849401 /* HistoryDetailViewController.xib */,
				76E77481225ADC3C0017F10E /* SplashViewController.swift */,
				76E7747F225ADC1C0017F10E /* SplashViewController.xib */,
				7606E720223A0E9500C24D9E /* NavigationController.swift */,
				763E137C2266969A005D9DAA /* CalendarViewController.swift */,
				763E137B22669699005D9DAA /* CalendarMonthViewController.swift */,
				763E137D2266969A005D9DAA /* CalendarMonthViewController.xib */,
				76D72D602270CA8E0004F55E /* DocumentViewController.swift */,
				76D72D662270F2B90004F55E /* ProfileEditViewController.swift */,
				76D72D672270F2B90004F55E /* ProfileEditViewController.xib */,
			);
			path = viewcontrollers;
			sourceTree = "<group>";
		};
		7606E70E2239CF2000C24D9E /* views */ = {
			isa = PBXGroup;
			children = (
				7606E70F2239CF3500C24D9E /* CustomTextField.swift */,
				76DA4BB82240AE550065174B /* ProfileEditTableViewCell.swift */,
				76DA4BB92240AE550065174B /* ProfileEditTableViewCell.xib */,
				76A1BAF42241768B003C9BFA /* RefundRequestTableViewCell.swift */,
				76A1BAF52241768B003C9BFA /* RefundRequestTableViewCell.xib */,
				763E1369226582A7005D9DAA /* RefundDocumentTableViewCell.swift */,
				763E136A226582A7005D9DAA /* RefundDocumentTableViewCell.xib */,
				76A1BAF822419598003C9BFA /* RefundTextTableViewCell.swift */,
				76A1BAF922419598003C9BFA /* RefundTextTableViewCell.xib */,
				76A1BB082241EC3A003C9BFA /* TransactionTableViewCell.swift */,
				76A1BB092241EC3A003C9BFA /* TransactionTableViewCell.xib */,
				763445BF225515D300915BC7 /* TrackingTableViewCell.swift */,
				763445C0225515D300915BC7 /* TrackingTableViewCell.xib */,
				760F671D227700B6003A7933 /* HistoricTableViewCell.swift */,
				760F671E227700B6003A7933 /* HistoricTableViewCell.xib */,
				760F672722770CD8003A7933 /* CalendarNavControl.swift */,
				760F672522770CB0003A7933 /* CalendarNavControl.xib */,
				763445BD225483EF00915BC7 /* StatusIndicatorView.swift */,
				763E137722669679005D9DAA /* CalendarCollectionViewCell.swift */,
				763E137822669679005D9DAA /* CalendarCollectionViewCell.xib */,
				76D72D622270EDEB0004F55E /* ProfileTableViewCell.swift */,
				76D72D632270EDEB0004F55E /* ProfileTableViewCell.xib */,
			);
			path = views;
			sourceTree = "<group>";
		};
		7606E711223A0A1200C24D9E /* util */ = {
			isa = PBXGroup;
			children = (
				7606E712223A0A1F00C24D9E /* UIColor.swift */,
				76DA4BBE2240C3C10065174B /* UIView.swift */,
				76DA4BBC2240BBB00065174B /* UIViewAnimationOptionsWithCurve.swift */,
				76E7747D225ACFEB0017F10E /* StringProtocol.swift */,
				763E138122669972005D9DAA /* String.swift */,
				763D29C72284E3E0006CED9A /* UIFont.swift */,
			);
			path = util;
			sourceTree = "<group>";
		};
		763D29BE2284BE6D006CED9A /* Fonts */ = {
			isa = PBXGroup;
			children = (
				763D29C02284BE7D006CED9A /* CenturyGothic-Bold.ttf */,
				763D29C22284BE7D006CED9A /* CenturyGothic-BoldItalic.ttf */,
				763D29BF2284BE7D006CED9A /* CenturyGothic-Italic.ttf */,
				763D29C12284BE7D006CED9A /* CenturyGothic.ttf */,
			);
			path = Fonts;
			sourceTree = "<group>";
		};
		76DA4BB12240A2F80065174B /* resources */ = {
			isa = PBXGroup;
			children = (
				763D29BE2284BE6D006CED9A /* Fonts */,
				76DA4BB22240A31D0065174B /* refund_terms.html */,
			);
			path = resources;
			sourceTree = "<group>";
		};
		76E7746C2256FFE10017F10E /* managers */ = {
			isa = PBXGroup;
			children = (
				76E7746E225700120017F10E /* HTTPClient.swift */,
				76E77479225700F20017F10E /* APIClient.swift */,
				76E77470225700190017F10E /* AssetsClient.swift */,
			);
			path = managers;
			sourceTree = "<group>";
		};
		76E77472225700240017F10E /* models */ = {
			isa = PBXGroup;
			children = (
				76E77475225700780017F10E /* FetchOperation.swift */,
				763E136F2265A93D005D9DAA /* UploadOperation.swift */,
				76E77476225700780017F10E /* SessionModel.swift */,
				76E77483225AE6CB0017F10E /* BenefitRulesModel.swift */,
				76E77487225AE7B60017F10E /* BenefitModel.swift */,
				76E77485225AE7370017F10E /* DocumentModel.swift */,
				763EE11E226062BC00BF6921 /* UserModel.swift */,
				763EE1202260646200BF6921 /* BeneficiaryModel.swift */,
				763E136D22659039005D9DAA /* PriceFormatter.swift */,
				763E138322669F26005D9DAA /* TransactionModel.swift */,
				760F671B2276FE9F003A7933 /* HistoricModel.swift */,
				760F672322770786003A7933 /* DateDrivenEntryProtocol.swift */,
				76D72D5C2270413E0004F55E /* TransactionDetailModel.swift */,
				760F6729227714F5003A7933 /* HistoricDetailModel.swift */,
				76D72D5E227041800004F55E /* TransactionDocumentModel.swift */,
				763D29BC2284B437006CED9A /* Validator.swift */,
				763D29C92284FC2F006CED9A /* BarButtonItem.swift */,
			);
			path = models;
			sourceTree = "<group>";
		};
		9B503319DD73FC9498141497 /* Pods */ = {
			isa = PBXGroup;
			children = (
				CC6ED1B86FF3EF6D21E50D43 /* Pods-Reembolsos.debug.xcconfig */,
				133D76247AF95E0DD66A90B1 /* Pods-Reembolsos.release.xcconfig */,
				E0C0836C94877122DB9C5735 /* Pods-Reembolsos.archive.xcconfig */,
			);
			name = Pods;
			sourceTree = "<group>";
		};
/* End PBXGroup section */

/* Begin PBXLegacyTarget section */
		76E774662256FF1C0017F10E /* Git Checker */ = {
			isa = PBXLegacyTarget;
			buildArgumentsString = "$(ACTION)";
			buildConfigurationList = 76E774672256FF1C0017F10E /* Build configuration list for PBXLegacyTarget "Git Checker" */;
			buildPhases = (
			);
			buildToolPath = "${PROJECT_DIR}/exit-on-dirty-git.sh";
			dependencies = (
			);
			name = "Git Checker";
			passBuildSettingsInEnvironment = 1;
			productName = "Git Checker";
		};
/* End PBXLegacyTarget section */

/* Begin PBXNativeTarget section */
		7606E6F32239817700C24D9E /* Reembolsos */ = {
			isa = PBXNativeTarget;
			buildConfigurationList = 7606E7062239817A00C24D9E /* Build configuration list for PBXNativeTarget "Reembolsos" */;
			buildPhases = (
				D301A066AF5D2E90E2792B6E /* [CP] Check Pods Manifest.lock */,
				7606E6F02239817700C24D9E /* Sources */,
				7606E6F12239817700C24D9E /* Frameworks */,
				7606E6F22239817700C24D9E /* Resources */,
				76E7746B2256FF600017F10E /* Update Bundle Version Script */,
				D9120C768722D5C5A9378F60 /* [CP] Embed Pods Frameworks */,
			);
			buildRules = (
			);
			dependencies = (
			);
			name = Reembolsos;
			productName = Reembolsos;
			productReference = 7606E6F42239817700C24D9E /* Sermecoop.app */;
			productType = "com.apple.product-type.application";
		};
/* End PBXNativeTarget section */

/* Begin PBXProject section */
		7606E6EC2239817700C24D9E /* Project object */ = {
			isa = PBXProject;
			attributes = {
				LastSwiftUpdateCheck = 1010;
				LastUpgradeCheck = 1010;
				ORGANIZATIONNAME = Sermecoop;
				TargetAttributes = {
					7606E6F32239817700C24D9E = {
						CreatedOnToolsVersion = 10.1;
						SystemCapabilities = {
							com.apple.Push = {
								enabled = 1;
							};
						};
					};
					76E774662256FF1C0017F10E = {
						CreatedOnToolsVersion = 10.2;
					};
				};
			};
			buildConfigurationList = 7606E6EF2239817700C24D9E /* Build configuration list for PBXProject "Reembolsos" */;
			compatibilityVersion = "Xcode 9.3";
			developmentRegion = en;
			hasScannedForEncodings = 0;
			knownRegions = (
				en,
				Base,
			);
			mainGroup = 7606E6EB2239817700C24D9E;
			productRefGroup = 7606E6F52239817700C24D9E /* Products */;
			projectDirPath = "";
			projectRoot = "";
			targets = (
				7606E6F32239817700C24D9E /* Reembolsos */,
				76E774662256FF1C0017F10E /* Git Checker */,
			);
		};
/* End PBXProject section */

/* Begin PBXResourcesBuildPhase section */
		7606E6F22239817700C24D9E /* Resources */ = {
			isa = PBXResourcesBuildPhase;
			buildActionMask = 2147483647;
			files = (
				76E77480225ADC1C0017F10E /* SplashViewController.xib in Resources */,
				7652548F224D46FF00849401 /* HistoryDetailViewController.xib in Resources */,
				760F6722227702BD003A7933 /* TransactionsHistoryViewController.xib in Resources */,
				76A1BAFB22419598003C9BFA /* RefundTextTableViewCell.xib in Resources */,
				7606E71F223A0E3800C24D9E /* ProfileViewController.xib in Resources */,
				76DA4BBB2240AE550065174B /* ProfileEditTableViewCell.xib in Resources */,
				76DA4BB02240A2950065174B /* RefundTermsViewController.xib in Resources */,
				763D29C62284C4E1006CED9A /* CenturyGothic.ttf in Resources */,
				76A1BAF72241768B003C9BFA /* RefundRequestTableViewCell.xib in Resources */,
				763D29C42284C4E1006CED9A /* CenturyGothic-BoldItalic.ttf in Resources */,
				76DA4BB32240A31D0065174B /* refund_terms.html in Resources */,
				763E137A2266967A005D9DAA /* CalendarCollectionViewCell.xib in Resources */,
				76D72D692270F2B90004F55E /* ProfileEditViewController.xib in Resources */,
				76D72D652270EDEB0004F55E /* ProfileTableViewCell.xib in Resources */,
				7606E71B223A0E2C00C24D9E /* TransactionsTrackingViewController.xib in Resources */,
				76A1BB0B2241EC3B003C9BFA /* TransactionTableViewCell.xib in Resources */,
				76A1BAFF2241E006003C9BFA /* SegmentedViewController.xib in Resources */,
				7606E717223A0E1700C24D9E /* RefundsViewController.xib in Resources */,
				76A1BAF322412851003C9BFA /* RefundRequestViewController.xib in Resources */,
				763445C2225515D300915BC7 /* TrackingTableViewCell.xib in Resources */,
				763E13802266969A005D9DAA /* CalendarMonthViewController.xib in Resources */,
				760F672622770CB0003A7933 /* CalendarNavControl.xib in Resources */,
				763D29C32284C4E1006CED9A /* CenturyGothic-Bold.ttf in Resources */,
				760F6720227700B6003A7933 /* HistoricTableViewCell.xib in Resources */,
				7652548B224D46EE00849401 /* TransactionDetailViewController.xib in Resources */,
				76DA4BB72240ACC90065174B /* RefundProfileEditViewController.xib in Resources */,
				763E136C226582A7005D9DAA /* RefundDocumentTableViewCell.xib in Resources */,
				763D29C52284C4E1006CED9A /* CenturyGothic-Italic.ttf in Resources */,
				7606E6FF2239817A00C24D9E /* Assets.xcassets in Resources */,
				7606E70D223985B000C24D9E /* LoginViewController.xib in Resources */,
			);
			runOnlyForDeploymentPostprocessing = 0;
		};
/* End PBXResourcesBuildPhase section */

/* Begin PBXShellScriptBuildPhase section */
		76E7746B2256FF600017F10E /* Update Bundle Version Script */ = {
			isa = PBXShellScriptBuildPhase;
			buildActionMask = 2147483647;
			files = (
			);
			inputPaths = (
			);
			name = "Update Bundle Version Script";
			outputPaths = (
			);
			runOnlyForDeploymentPostprocessing = 0;
			shellPath = /bin/sh;
			shellScript = "if [ \"${ACTIVE_BUILD_CONFIGURATION}\" != \"ARCHIVE\" ]\nthen\necho \"Active Build Configuration (${ACTIVE_BUILD_CONFIGURATION}) not set to Archive, skipping CFBundleVersion and GIT_COMMIT_HASH\"\nexit\nfi\n\nPLISTBUDDY=\"/usr/libexec/PlistBuddy\"\nGIT=\"$(which git)\"\nPROJECT_INFO_PLIST=\"${PROJECT_DIR}/${INFOPLIST_FILE}\"\nTARGET_INFO_PLIST=\"${TARGET_BUILD_DIR}/${INFOPLIST_PATH}\"\n\nif [ ! -x ${PLISTBUDDY} -o \\\n-z \"${GIT}\" -o \\\n! -x \"${GIT}\" -o \\\n! -f ${PROJECT_INFO_PLIST} -o \\\n! -f ${TARGET_INFO_PLIST} ]\nthen\necho \"PROJECT_INFO_PLIST failed, exiting\"\nexit 1\nfi\n\nDSYM_INFO_PLIST=\"${BUILT_PRODUCTS_DIR}/${WRAPPER_NAME}.dSYM/Contents/Info.plist\"\n\nTIMESTAMP=\"$(date -u +%Y%m%d%H%M)\"\nCOMMIT=\"$(${GIT} rev-parse --short HEAD)\"\n\nBUNDLE_VERSION=$(${PLISTBUDDY} -c \"Print CFBundleVersion\" \"${PROJECT_INFO_PLIST}\")\nTARGET_BUNDLE_VERSION=\"${TIMESTAMP}\"\n\necho \"Updating CFBundleVersion and setting GIT_COMMIT_HASH using ${TARGET_INFO_PLIST}\"\n${PLISTBUDDY} -c \"Add :GIT_COMMIT_HASH string ${COMMIT}\" \"${TARGET_INFO_PLIST}\"\n${PLISTBUDDY} -c \"Set :CFBundleVersion ${TARGET_BUNDLE_VERSION}\" \"${TARGET_INFO_PLIST}\"\n\nif [ -f ${DSYM_INFO_PLIST} ]\nthen\necho \"Updating CFBundleVersion and setting GIT_COMMIT_HASH using ${DSYM_INFO_PLIST}\"\n${PLISTBUDDY} -c \"Add :GIT_COMMIT_HASH string ${COMMIT}\" \"${DSYM_INFO_PLIST}\"\n${PLISTBUDDY} -c \"Set :CFBundleVersion ${TARGET_BUNDLE_VERSION}\" \"${DSYM_INFO_PLIST}\"\nfi\n";
		};
		D301A066AF5D2E90E2792B6E /* [CP] Check Pods Manifest.lock */ = {
			isa = PBXShellScriptBuildPhase;
			buildActionMask = 2147483647;
			files = (
			);
			inputPaths = (
				"${PODS_PODFILE_DIR_PATH}/Podfile.lock",
				"${PODS_ROOT}/Manifest.lock",
			);
			name = "[CP] Check Pods Manifest.lock";
			outputPaths = (
				"$(DERIVED_FILE_DIR)/Pods-Reembolsos-checkManifestLockResult.txt",
			);
			runOnlyForDeploymentPostprocessing = 0;
			shellPath = /bin/sh;
			shellScript = "diff \"${PODS_PODFILE_DIR_PATH}/Podfile.lock\" \"${PODS_ROOT}/Manifest.lock\" > /dev/null\nif [ $? != 0 ] ; then\n    # print error to STDERR\n    echo \"error: The sandbox is not in sync with the Podfile.lock. Run 'pod install' or update your CocoaPods installation.\" >&2\n    exit 1\nfi\n# This output is used by Xcode 'outputs' to avoid re-running this script phase.\necho \"SUCCESS\" > \"${SCRIPT_OUTPUT_FILE_0}\"\n";
			showEnvVarsInLog = 0;
		};
		D9120C768722D5C5A9378F60 /* [CP] Embed Pods Frameworks */ = {
			isa = PBXShellScriptBuildPhase;
			buildActionMask = 2147483647;
			files = (
			);
			inputPaths = (
				"${SRCROOT}/Pods/Target Support Files/Pods-Reembolsos/Pods-Reembolsos-frameworks.sh",
				"${BUILT_PRODUCTS_DIR}/KeychainSwift/KeychainSwift.framework",
				"${BUILT_PRODUCTS_DIR}/Unbox/Unbox.framework",
			);
			name = "[CP] Embed Pods Frameworks";
			outputPaths = (
				"${TARGET_BUILD_DIR}/${FRAMEWORKS_FOLDER_PATH}/KeychainSwift.framework",
				"${TARGET_BUILD_DIR}/${FRAMEWORKS_FOLDER_PATH}/Unbox.framework",
			);
			runOnlyForDeploymentPostprocessing = 0;
			shellPath = /bin/sh;
			shellScript = "\"${SRCROOT}/Pods/Target Support Files/Pods-Reembolsos/Pods-Reembolsos-frameworks.sh\"\n";
			showEnvVarsInLog = 0;
		};
/* End PBXShellScriptBuildPhase section */

/* Begin PBXSourcesBuildPhase section */
		7606E6F02239817700C24D9E /* Sources */ = {
			isa = PBXSourcesBuildPhase;
			buildActionMask = 2147483647;
			files = (
				76DA4BBF2240C3C10065174B /* UIView.swift in Sources */,
				763E136B226582A7005D9DAA /* RefundDocumentTableViewCell.swift in Sources */,
				760F672422770786003A7933 /* DateDrivenEntryProtocol.swift in Sources */,
				763E138422669F26005D9DAA /* TransactionModel.swift in Sources */,
				763E138222669972005D9DAA /* String.swift in Sources */,
				76E7746F225700120017F10E /* HTTPClient.swift in Sources */,
				76DA4BBA2240AE550065174B /* ProfileEditTableViewCell.swift in Sources */,
				7606E716223A0E1700C24D9E /* RefundsViewController.swift in Sources */,
				76DA4BBD2240BBB00065174B /* UIViewAnimationOptionsWithCurve.swift in Sources */,
				763D29CA2284FC2F006CED9A /* BarButtonItem.swift in Sources */,
				76E7747A225700F20017F10E /* APIClient.swift in Sources */,
				76D72D642270EDEB0004F55E /* ProfileTableViewCell.swift in Sources */,
				76A1BAFA22419598003C9BFA /* RefundTextTableViewCell.swift in Sources */,
				7606E721223A0E9500C24D9E /* NavigationController.swift in Sources */,
				763EE11F226062BC00BF6921 /* UserModel.swift in Sources */,
				76A1BB0A2241EC3A003C9BFA /* TransactionTableViewCell.swift in Sources */,
				76DA4BB62240ACC90065174B /* RefundProfileEditViewController.swift in Sources */,
				76D72D682270F2B90004F55E /* ProfileEditViewController.swift in Sources */,
				763E137F2266969A005D9DAA /* CalendarViewController.swift in Sources */,
				76A1BAF62241768B003C9BFA /* RefundRequestTableViewCell.swift in Sources */,
				760F672A227714F5003A7933 /* HistoricDetailModel.swift in Sources */,
				76E77484225AE6CC0017F10E /* BenefitRulesModel.swift in Sources */,
				763E136E22659039005D9DAA /* PriceFormatter.swift in Sources */,
				760F671C2276FE9F003A7933 /* HistoricModel.swift in Sources */,
				76A1BAFE2241E006003C9BFA /* SegmentedViewController.swift in Sources */,
				76E77486225AE7370017F10E /* DocumentModel.swift in Sources */,
				76D72D5D2270413E0004F55E /* TransactionDetailModel.swift in Sources */,
				7606E70C223985B000C24D9E /* LoginViewController.swift in Sources */,
				763D29BD2284B437006CED9A /* Validator.swift in Sources */,
				7652548A224D46EE00849401 /* TransactionDetailViewController.swift in Sources */,
				763E13702265A93D005D9DAA /* UploadOperation.swift in Sources */,
				76E7747E225ACFEB0017F10E /* StringProtocol.swift in Sources */,
				763445C1225515D300915BC7 /* TrackingTableViewCell.swift in Sources */,
				76A1BB062241E0D0003C9BFA /* TransactionsTrackingViewController.swift in Sources */,
				76A1BB0D2241F0F5003C9BFA /* TransactionsHistoryViewController.swift in Sources */,
				763E13792266967A005D9DAA /* CalendarCollectionViewCell.swift in Sources */,
				763E137E2266969A005D9DAA /* CalendarMonthViewController.swift in Sources */,
				760F672822770CD9003A7933 /* CalendarNavControl.swift in Sources */,
				760F671F227700B6003A7933 /* HistoricTableViewCell.swift in Sources */,
				76E77471225700190017F10E /* AssetsClient.swift in Sources */,
				76E77477225700780017F10E /* FetchOperation.swift in Sources */,
				76D72D5F227041800004F55E /* TransactionDocumentModel.swift in Sources */,
				76A1BAF222412851003C9BFA /* RefundRequestViewController.swift in Sources */,
				7606E713223A0A1F00C24D9E /* UIColor.swift in Sources */,
				7606E71E223A0E3800C24D9E /* ProfileViewController.swift in Sources */,
				76D72D612270CA8E0004F55E /* DocumentViewController.swift in Sources */,
				76DA4BAF2240A2950065174B /* RefundTermsViewController.swift in Sources */,
				763445BE225483EF00915BC7 /* StatusIndicatorView.swift in Sources */,
				76E77482225ADC3C0017F10E /* SplashViewController.swift in Sources */,
				7606E6F82239817700C24D9E /* AppDelegate.swift in Sources */,
				763EE1212260646200BF6921 /* BeneficiaryModel.swift in Sources */,
				7652548E224D46FF00849401 /* HistoryDetailViewController.swift in Sources */,
				763D29C82284E3E0006CED9A /* UIFont.swift in Sources */,
				76E77488225AE7B60017F10E /* BenefitModel.swift in Sources */,
				76E77478225700780017F10E /* SessionModel.swift in Sources */,
				7606E7102239CF3500C24D9E /* CustomTextField.swift in Sources */,
			);
			runOnlyForDeploymentPostprocessing = 0;
		};
/* End PBXSourcesBuildPhase section */

/* Begin XCBuildConfiguration section */
		7606E7042239817A00C24D9E /* Debug */ = {
			isa = XCBuildConfiguration;
			buildSettings = {
				ALWAYS_SEARCH_USER_PATHS = NO;
				CLANG_ANALYZER_NONNULL = YES;
				CLANG_ANALYZER_NUMBER_OBJECT_CONVERSION = YES_AGGRESSIVE;
				CLANG_CXX_LANGUAGE_STANDARD = "gnu++14";
				CLANG_CXX_LIBRARY = "libc++";
				CLANG_ENABLE_MODULES = YES;
				CLANG_ENABLE_OBJC_ARC = YES;
				CLANG_ENABLE_OBJC_WEAK = YES;
				CLANG_WARN_BLOCK_CAPTURE_AUTORELEASING = YES;
				CLANG_WARN_BOOL_CONVERSION = YES;
				CLANG_WARN_COMMA = YES;
				CLANG_WARN_CONSTANT_CONVERSION = YES;
				CLANG_WARN_DEPRECATED_OBJC_IMPLEMENTATIONS = YES;
				CLANG_WARN_DIRECT_OBJC_ISA_USAGE = YES_ERROR;
				CLANG_WARN_DOCUMENTATION_COMMENTS = YES;
				CLANG_WARN_EMPTY_BODY = YES;
				CLANG_WARN_ENUM_CONVERSION = YES;
				CLANG_WARN_INFINITE_RECURSION = YES;
				CLANG_WARN_INT_CONVERSION = YES;
				CLANG_WARN_NON_LITERAL_NULL_CONVERSION = YES;
				CLANG_WARN_OBJC_IMPLICIT_RETAIN_SELF = YES;
				CLANG_WARN_OBJC_LITERAL_CONVERSION = YES;
				CLANG_WARN_OBJC_ROOT_CLASS = YES_ERROR;
				CLANG_WARN_RANGE_LOOP_ANALYSIS = YES;
				CLANG_WARN_STRICT_PROTOTYPES = YES;
				CLANG_WARN_SUSPICIOUS_MOVE = YES;
				CLANG_WARN_UNGUARDED_AVAILABILITY = YES_AGGRESSIVE;
				CLANG_WARN_UNREACHABLE_CODE = YES;
				CLANG_WARN__DUPLICATE_METHOD_MATCH = YES;
				CODE_SIGN_IDENTITY = "iPhone Developer";
				COPY_PHASE_STRIP = NO;
				DEBUG_INFORMATION_FORMAT = dwarf;
				ENABLE_STRICT_OBJC_MSGSEND = YES;
				ENABLE_TESTABILITY = YES;
				GCC_C_LANGUAGE_STANDARD = gnu11;
				GCC_DYNAMIC_NO_PIC = NO;
				GCC_NO_COMMON_BLOCKS = YES;
				GCC_OPTIMIZATION_LEVEL = 0;
				GCC_PREPROCESSOR_DEFINITIONS = (
					"DEBUG=1",
					"$(inherited)",
				);
				GCC_WARN_64_TO_32_BIT_CONVERSION = YES;
				GCC_WARN_ABOUT_RETURN_TYPE = YES_ERROR;
				GCC_WARN_UNDECLARED_SELECTOR = YES;
				GCC_WARN_UNINITIALIZED_AUTOS = YES_AGGRESSIVE;
				GCC_WARN_UNUSED_FUNCTION = YES;
				GCC_WARN_UNUSED_VARIABLE = YES;
				IPHONEOS_DEPLOYMENT_TARGET = 12.1;
				MTL_ENABLE_DEBUG_INFO = INCLUDE_SOURCE;
				MTL_FAST_MATH = YES;
				ONLY_ACTIVE_ARCH = YES;
				SDKROOT = iphoneos;
				SWIFT_ACTIVE_COMPILATION_CONDITIONS = DEBUG;
				SWIFT_OPTIMIZATION_LEVEL = "-Onone";
			};
			name = Debug;
		};
		7606E7052239817A00C24D9E /* Release */ = {
			isa = XCBuildConfiguration;
			buildSettings = {
				ALWAYS_SEARCH_USER_PATHS = NO;
				CLANG_ANALYZER_NONNULL = YES;
				CLANG_ANALYZER_NUMBER_OBJECT_CONVERSION = YES_AGGRESSIVE;
				CLANG_CXX_LANGUAGE_STANDARD = "gnu++14";
				CLANG_CXX_LIBRARY = "libc++";
				CLANG_ENABLE_MODULES = YES;
				CLANG_ENABLE_OBJC_ARC = YES;
				CLANG_ENABLE_OBJC_WEAK = YES;
				CLANG_WARN_BLOCK_CAPTURE_AUTORELEASING = YES;
				CLANG_WARN_BOOL_CONVERSION = YES;
				CLANG_WARN_COMMA = YES;
				CLANG_WARN_CONSTANT_CONVERSION = YES;
				CLANG_WARN_DEPRECATED_OBJC_IMPLEMENTATIONS = YES;
				CLANG_WARN_DIRECT_OBJC_ISA_USAGE = YES_ERROR;
				CLANG_WARN_DOCUMENTATION_COMMENTS = YES;
				CLANG_WARN_EMPTY_BODY = YES;
				CLANG_WARN_ENUM_CONVERSION = YES;
				CLANG_WARN_INFINITE_RECURSION = YES;
				CLANG_WARN_INT_CONVERSION = YES;
				CLANG_WARN_NON_LITERAL_NULL_CONVERSION = YES;
				CLANG_WARN_OBJC_IMPLICIT_RETAIN_SELF = YES;
				CLANG_WARN_OBJC_LITERAL_CONVERSION = YES;
				CLANG_WARN_OBJC_ROOT_CLASS = YES_ERROR;
				CLANG_WARN_RANGE_LOOP_ANALYSIS = YES;
				CLANG_WARN_STRICT_PROTOTYPES = YES;
				CLANG_WARN_SUSPICIOUS_MOVE = YES;
				CLANG_WARN_UNGUARDED_AVAILABILITY = YES_AGGRESSIVE;
				CLANG_WARN_UNREACHABLE_CODE = YES;
				CLANG_WARN__DUPLICATE_METHOD_MATCH = YES;
				CODE_SIGN_IDENTITY = "iPhone Developer";
				COPY_PHASE_STRIP = NO;
				DEBUG_INFORMATION_FORMAT = "dwarf-with-dsym";
				ENABLE_NS_ASSERTIONS = NO;
				ENABLE_STRICT_OBJC_MSGSEND = YES;
				GCC_C_LANGUAGE_STANDARD = gnu11;
				GCC_NO_COMMON_BLOCKS = YES;
				GCC_WARN_64_TO_32_BIT_CONVERSION = YES;
				GCC_WARN_ABOUT_RETURN_TYPE = YES_ERROR;
				GCC_WARN_UNDECLARED_SELECTOR = YES;
				GCC_WARN_UNINITIALIZED_AUTOS = YES_AGGRESSIVE;
				GCC_WARN_UNUSED_FUNCTION = YES;
				GCC_WARN_UNUSED_VARIABLE = YES;
				IPHONEOS_DEPLOYMENT_TARGET = 12.1;
				MTL_ENABLE_DEBUG_INFO = NO;
				MTL_FAST_MATH = YES;
				SDKROOT = iphoneos;
				SWIFT_COMPILATION_MODE = wholemodule;
				SWIFT_OPTIMIZATION_LEVEL = "-O";
				VALIDATE_PRODUCT = YES;
			};
			name = Release;
		};
		7606E7072239817A00C24D9E /* Debug */ = {
			isa = XCBuildConfiguration;
			baseConfigurationReference = CC6ED1B86FF3EF6D21E50D43 /* Pods-Reembolsos.debug.xcconfig */;
			buildSettings = {
				ACTIVE_BUILD_CONFIGURATION = DEBUG;
				ASSETCATALOG_COMPILER_APPICON_NAME = AppIcon;
				CODE_SIGN_ENTITLEMENTS = Reembolsos/Reembolsos.entitlements;
				CODE_SIGN_STYLE = Automatic;
				DEVELOPMENT_TEAM = XA2RF356XT;
				INFOPLIST_FILE = Reembolsos/Info.plist;
				IPHONEOS_DEPLOYMENT_TARGET = 11.0;
				LD_RUNPATH_SEARCH_PATHS = (
					"$(inherited)",
					"@executable_path/Frameworks",
				);
				PRODUCT_BUNDLE_IDENTIFIER = "cl.sermecoop.ios-app.reembolsos";
				PRODUCT_NAME = Sermecoop;
				SWIFT_VERSION = 4.2;
				TARGETED_DEVICE_FAMILY = 1;
			};
			name = Debug;
		};
		7606E7082239817A00C24D9E /* Release */ = {
			isa = XCBuildConfiguration;
			baseConfigurationReference = 133D76247AF95E0DD66A90B1 /* Pods-Reembolsos.release.xcconfig */;
			buildSettings = {
				ACTIVE_BUILD_CONFIGURATION = RELEASE;
				ASSETCATALOG_COMPILER_APPICON_NAME = AppIcon;
				CODE_SIGN_ENTITLEMENTS = Reembolsos/Reembolsos.entitlements;
				CODE_SIGN_STYLE = Automatic;
				DEVELOPMENT_TEAM = XA2RF356XT;
				INFOPLIST_FILE = Reembolsos/Info.plist;
				IPHONEOS_DEPLOYMENT_TARGET = 11.0;
				LD_RUNPATH_SEARCH_PATHS = (
					"$(inherited)",
					"@executable_path/Frameworks",
				);
				PRODUCT_BUNDLE_IDENTIFIER = "cl.sermecoop.ios-app.reembolsos";
				PRODUCT_NAME = Sermecoop;
				SWIFT_VERSION = 4.2;
				TARGETED_DEVICE_FAMILY = 1;
			};
			name = Release;
		};
		76E774642256FEF20017F10E /* Archive */ = {
			isa = XCBuildConfiguration;
			buildSettings = {
				ALWAYS_SEARCH_USER_PATHS = NO;
				CLANG_ANALYZER_NONNULL = YES;
				CLANG_ANALYZER_NUMBER_OBJECT_CONVERSION = YES_AGGRESSIVE;
				CLANG_CXX_LANGUAGE_STANDARD = "gnu++14";
				CLANG_CXX_LIBRARY = "libc++";
				CLANG_ENABLE_MODULES = YES;
				CLANG_ENABLE_OBJC_ARC = YES;
				CLANG_ENABLE_OBJC_WEAK = YES;
				CLANG_WARN_BLOCK_CAPTURE_AUTORELEASING = YES;
				CLANG_WARN_BOOL_CONVERSION = YES;
				CLANG_WARN_COMMA = YES;
				CLANG_WARN_CONSTANT_CONVERSION = YES;
				CLANG_WARN_DEPRECATED_OBJC_IMPLEMENTATIONS = YES;
				CLANG_WARN_DIRECT_OBJC_ISA_USAGE = YES_ERROR;
				CLANG_WARN_DOCUMENTATION_COMMENTS = YES;
				CLANG_WARN_EMPTY_BODY = YES;
				CLANG_WARN_ENUM_CONVERSION = YES;
				CLANG_WARN_INFINITE_RECURSION = YES;
				CLANG_WARN_INT_CONVERSION = YES;
				CLANG_WARN_NON_LITERAL_NULL_CONVERSION = YES;
				CLANG_WARN_OBJC_IMPLICIT_RETAIN_SELF = YES;
				CLANG_WARN_OBJC_LITERAL_CONVERSION = YES;
				CLANG_WARN_OBJC_ROOT_CLASS = YES_ERROR;
				CLANG_WARN_RANGE_LOOP_ANALYSIS = YES;
				CLANG_WARN_STRICT_PROTOTYPES = YES;
				CLANG_WARN_SUSPICIOUS_MOVE = YES;
				CLANG_WARN_UNGUARDED_AVAILABILITY = YES_AGGRESSIVE;
				CLANG_WARN_UNREACHABLE_CODE = YES;
				CLANG_WARN__DUPLICATE_METHOD_MATCH = YES;
				CODE_SIGN_IDENTITY = "iPhone Developer";
				COPY_PHASE_STRIP = NO;
				DEBUG_INFORMATION_FORMAT = "dwarf-with-dsym";
				ENABLE_NS_ASSERTIONS = NO;
				ENABLE_STRICT_OBJC_MSGSEND = YES;
				GCC_C_LANGUAGE_STANDARD = gnu11;
				GCC_NO_COMMON_BLOCKS = YES;
				GCC_WARN_64_TO_32_BIT_CONVERSION = YES;
				GCC_WARN_ABOUT_RETURN_TYPE = YES_ERROR;
				GCC_WARN_UNDECLARED_SELECTOR = YES;
				GCC_WARN_UNINITIALIZED_AUTOS = YES_AGGRESSIVE;
				GCC_WARN_UNUSED_FUNCTION = YES;
				GCC_WARN_UNUSED_VARIABLE = YES;
				IPHONEOS_DEPLOYMENT_TARGET = 12.1;
				MTL_ENABLE_DEBUG_INFO = NO;
				MTL_FAST_MATH = YES;
				SDKROOT = iphoneos;
				SWIFT_COMPILATION_MODE = wholemodule;
				SWIFT_OPTIMIZATION_LEVEL = "-O";
				VALIDATE_PRODUCT = YES;
			};
			name = Archive;
		};
		76E774652256FEF20017F10E /* Archive */ = {
			isa = XCBuildConfiguration;
			baseConfigurationReference = E0C0836C94877122DB9C5735 /* Pods-Reembolsos.archive.xcconfig */;
			buildSettings = {
				ACTIVE_BUILD_CONFIGURATION = ARCHIVE;
				ASSETCATALOG_COMPILER_APPICON_NAME = AppIcon;
				CODE_SIGN_ENTITLEMENTS = Reembolsos/Reembolsos.entitlements;
				CODE_SIGN_STYLE = Automatic;
				DEVELOPMENT_TEAM = XA2RF356XT;
				INFOPLIST_FILE = Reembolsos/Info.plist;
				IPHONEOS_DEPLOYMENT_TARGET = 11.0;
				LD_RUNPATH_SEARCH_PATHS = (
					"$(inherited)",
					"@executable_path/Frameworks",
				);
				PRODUCT_BUNDLE_IDENTIFIER = "cl.sermecoop.ios-app.reembolsos";
				PRODUCT_NAME = Sermecoop;
				SWIFT_VERSION = 4.2;
				TARGETED_DEVICE_FAMILY = 1;
			};
			name = Archive;
		};
		76E774682256FF1C0017F10E /* Debug */ = {
			isa = XCBuildConfiguration;
			buildSettings = {
				CODE_SIGN_STYLE = Automatic;
				DEBUGGING_SYMBOLS = YES;
				DEBUG_INFORMATION_FORMAT = dwarf;
				DEVELOPMENT_TEAM = XA2RF356XT;
				GCC_GENERATE_DEBUGGING_SYMBOLS = YES;
				GCC_OPTIMIZATION_LEVEL = 0;
				OTHER_CFLAGS = "";
				OTHER_LDFLAGS = "";
				PRODUCT_NAME = "$(TARGET_NAME)";
			};
			name = Debug;
		};
		76E774692256FF1C0017F10E /* Release */ = {
			isa = XCBuildConfiguration;
			buildSettings = {
				CODE_SIGN_STYLE = Automatic;
				DEBUG_INFORMATION_FORMAT = "dwarf-with-dsym";
				DEVELOPMENT_TEAM = XA2RF356XT;
				OTHER_CFLAGS = "";
				OTHER_LDFLAGS = "";
				PRODUCT_NAME = "$(TARGET_NAME)";
			};
			name = Release;
		};
		76E7746A2256FF1C0017F10E /* Archive */ = {
			isa = XCBuildConfiguration;
			buildSettings = {
				CODE_SIGN_STYLE = Automatic;
				DEBUG_INFORMATION_FORMAT = "dwarf-with-dsym";
				DEVELOPMENT_TEAM = XA2RF356XT;
				OTHER_CFLAGS = "";
				OTHER_LDFLAGS = "";
				PRODUCT_NAME = "$(TARGET_NAME)";
			};
			name = Archive;
		};
/* End XCBuildConfiguration section */

/* Begin XCConfigurationList section */
		7606E6EF2239817700C24D9E /* Build configuration list for PBXProject "Reembolsos" */ = {
			isa = XCConfigurationList;
			buildConfigurations = (
				7606E7042239817A00C24D9E /* Debug */,
				7606E7052239817A00C24D9E /* Release */,
				76E774642256FEF20017F10E /* Archive */,
			);
			defaultConfigurationIsVisible = 0;
			defaultConfigurationName = Release;
		};
		7606E7062239817A00C24D9E /* Build configuration list for PBXNativeTarget "Reembolsos" */ = {
			isa = XCConfigurationList;
			buildConfigurations = (
				7606E7072239817A00C24D9E /* Debug */,
				7606E7082239817A00C24D9E /* Release */,
				76E774652256FEF20017F10E /* Archive */,
			);
			defaultConfigurationIsVisible = 0;
			defaultConfigurationName = Release;
		};
		76E774672256FF1C0017F10E /* Build configuration list for PBXLegacyTarget "Git Checker" */ = {
			isa = XCConfigurationList;
			buildConfigurations = (
				76E774682256FF1C0017F10E /* Debug */,
				76E774692256FF1C0017F10E /* Release */,
				76E7746A2256FF1C0017F10E /* Archive */,
			);
			defaultConfigurationIsVisible = 0;
			defaultConfigurationName = Release;
		};
/* End XCConfigurationList section */
	};
	rootObject = 7606E6EC2239817700C24D9E /* Project object */;
}
